PODS:
  - KIF-Quick (0.1.0)
  - Nimble (4.1.0)
  - Quick (0.9.3)

DEPENDENCIES:
  - KIF-Quick (from `../`)
  - Nimble (= 4.1.0)
  - Quick (= 0.9.3)

EXTERNAL SOURCES:
  KIF-Quick:
    :path: "../"

SPEC CHECKSUMS:
  KIF-Quick: e0e03d3bc1117b5735fed5221d714cf20995c66c
  Nimble: 97a0a4cae5124c117115634b2d055d8c97d0af19
  Quick: 13a2a2b19a5d8e3ed4fd0c36ee46597fd77ebf71

PODFILE CHECKSUM: d35253ec2518d7a5a2493fc69b76f5bd3de38c09

COCOAPODS: 1.1.1
